<?xml version="1.0" encoding="utf-8"?>
<Project ToolsVersion="4.0" xmlns="http://schemas.microsoft.com/developer/msbuild/2003">
  <ItemGroup>
    <Filter Include="GeneratedFiles">
      <UniqueIdentifier>{93995380-89BD-4b04-88EB-625FBE52EBFB}</UniqueIdentifier>
      <Extensions>h;hh;hpp;hxx;hm;inl;inc;xsd</Extensions>
    </Filter>
    <Filter Include="Arm">
      <UniqueIdentifier>{242575fd-077d-40d1-9ae8-f27bf1da0b30}</UniqueIdentifier>
    </Filter>
    <Filter Include="Menu">
      <UniqueIdentifier>{786c4c3b-9e04-445a-b2c5-e1eaa9d58049}</UniqueIdentifier>
    </Filter>
    <Filter Include="Boost">
      <UniqueIdentifier>{be93f5aa-5c4b-4567-a745-a1b81f622b7e}</UniqueIdentifier>
    </Filter>
    <Filter Include="Framework">
      <UniqueIdentifier>{685487b6-2d7f-4bcc-86e0-c392202b0bdc}</UniqueIdentifier>
    </Filter>
    <Filter Include="Modes">
      <UniqueIdentifier>{197bb579-d858-4928-9de2-9653f81617f4}</UniqueIdentifier>
    </Filter>
    <Filter Include="Drinks">
      <UniqueIdentifier>{d52eb782-01a7-4371-8979-efa3f076d28f}</UniqueIdentifier>
    </Filter>
    <Filter Include="Boost\ProgressBar">
      <UniqueIdentifier>{8100ae30-2a99-47fa-bb9b-f2d756965d5b}</UniqueIdentifier>
    </Filter>
    <Filter Include="Boost\Modes">
      <UniqueIdentifier>{de65aeb4-ec93-434d-ad85-80f34ddcc64b}</UniqueIdentifier>
    </Filter>
    <Filter Include="Menu\Base">
      <UniqueIdentifier>{a3e58096-cc4d-4e41-b9a6-174d262b3dc6}</UniqueIdentifier>
    </Filter>
    <Filter Include="Menu\Items">
      <UniqueIdentifier>{7d4f4b92-8029-42e5-bbbf-4b015794af14}</UniqueIdentifier>
    </Filter>
    <Filter Include="Peripherals">
      <UniqueIdentifier>{33f0ef5d-87a8-4972-acbd-ddd4c8581bc7}</UniqueIdentifier>
    </Filter>
    <Filter Include="Peripherals\Display">
      <UniqueIdentifier>{93ee7d85-28a0-4181-88c1-7f7b3aca4dc3}</UniqueIdentifier>
    </Filter>
    <Filter Include="Utility">
      <UniqueIdentifier>{286439d6-8d18-4813-be6b-191989da63f0}</UniqueIdentifier>
    </Filter>
    <Filter Include="Configuration">
      <UniqueIdentifier>{284ac224-3a9b-4545-a221-9aff5a8819ad}</UniqueIdentifier>
    </Filter>
  </ItemGroup>
  <ItemGroup>
    <ClInclude Include="__vm\.Looping_Louie_2.vsarduino.h">
      <Filter>GeneratedFiles</Filter>
    </ClInclude>
    <ClInclude Include="Game.h" />
    <ClInclude Include="Points.h" />
    <ClInclude Include="Arm.h">
      <Filter>Arm</Filter>
    </ClInclude>
    <ClInclude Include="ArmFactory.h">
      <Filter>Arm</Filter>
    </ClInclude>
    <ClInclude Include="ArmLeds.h">
      <Filter>Arm</Filter>
    </ClInclude>
    <ClInclude Include="Boost.h">
      <Filter>Boost</Filter>
    </ClInclude>
    <ClInclude Include="BoostButton.h">
      <Filter>Boost</Filter>
    </ClInclude>
    <ClInclude Include="BoostedMotor.h">
      <Filter>Boost</Filter>
    </ClInclude>
    <ClInclude Include="BoostFactory.h">
      <Filter>Boost</Filter>
    </ClInclude>
    <ClInclude Include="Callbacks.h">
      <Filter>Framework</Filter>
    </ClInclude>
    <ClInclude Include="ChallengerMode.h">
      <Filter>Modes</Filter>
    </ClInclude>
    <ClInclude Include="DrinkDisplay.h">
      <Filter>Drinks</Filter>
    </ClInclude>
    <ClInclude Include="DrinkItem.h">
      <Filter>Drinks</Filter>
    </ClInclude>
    <ClInclude Include="DrinkMenu.h">
      <Filter>Drinks</Filter>
    </ClInclude>
    <ClInclude Include="Drinks.h">
      <Filter>Drinks</Filter>
    </ClInclude>
    <ClInclude Include="GroundLighting.h">
      <Filter>Arm</Filter>
    </ClInclude>
    <ClInclude Include="IdleMode.h">
      <Filter>Modes</Filter>
    </ClInclude>
    <ClInclude Include="LLMenu.h">
      <Filter>Menu</Filter>
    </ClInclude>
    <ClInclude Include="MyString.h">
      <Filter>Framework</Filter>
    </ClInclude>
    <ClInclude Include="Scheduler.h">
      <Filter>Framework</Filter>
    </ClInclude>
    <ClInclude Include="Signal.h">
      <Filter>Framework</Filter>
    </ClInclude>
    <ClInclude Include="Thread.h">
      <Filter>Framework</Filter>
    </ClInclude>
    <ClInclude Include="Timer.h">
      <Filter>Framework</Filter>
    </ClInclude>
    <ClInclude Include="Vector.h">
      <Filter>Framework</Filter>
    </ClInclude>
    <ClInclude Include="ManualMode.h">
      <Filter>Modes</Filter>
    </ClInclude>
    <ClInclude Include="Modes.h">
      <Filter>Modes</Filter>
    </ClInclude>
    <ClInclude Include="RandomMode.h">
      <Filter>Modes</Filter>
    </ClInclude>
    <ClInclude Include="Mode.h">
      <Filter>Modes</Filter>
    </ClInclude>
    <ClInclude Include="ProgressBar.h">
      <Filter>Boost\ProgressBar</Filter>
    </ClInclude>
    <ClInclude Include="InactiveMode.h">
      <Filter>Boost\Modes</Filter>
    </ClInclude>
    <ClInclude Include="ImpulseMode.h">
      <Filter>Boost\Modes</Filter>
    </ClInclude>
    <ClInclude Include="PeriodMode.h">
      <Filter>Boost\Modes</Filter>
    </ClInclude>
    <ClInclude Include="BoostMode.h">
      <Filter>Boost\Modes</Filter>
    </ClInclude>
    <ClInclude Include="ControlMode.h">
      <Filter>Boost\Modes</Filter>
    </ClInclude>
    <ClInclude Include="Menu.h">
      <Filter>Menu\Base</Filter>
    </ClInclude>
    <ClInclude Include="MenuItem.h">
      <Filter>Menu\Base</Filter>
    </ClInclude>
    <ClInclude Include="RootMenu.h">
      <Filter>Menu\Base</Filter>
    </ClInclude>
    <ClInclude Include="IntegerInput.h">
      <Filter>Menu\Items</Filter>
    </ClInclude>
    <ClInclude Include="PasswordInput.h">
      <Filter>Menu\Items</Filter>
    </ClInclude>
    <ClInclude Include="SelectionInput.h">
      <Filter>Menu\Items</Filter>
    </ClInclude>
    <ClInclude Include="SelectItem.h">
      <Filter>Menu\Items</Filter>
    </ClInclude>
    <ClInclude Include="ConfirmationItem.h">
      <Filter>Menu\Items</Filter>
    </ClInclude>
    <ClInclude Include="Displays.h">
      <Filter>Peripherals\Display</Filter>
    </ClInclude>
    <ClInclude Include="Display.h">
      <Filter>Peripherals\Display</Filter>
    </ClInclude>
    <ClInclude Include="LCD.h">
      <Filter>Peripherals\Display</Filter>
    </ClInclude>
    <ClInclude Include="Motor.h">
      <Filter>Peripherals</Filter>
    </ClInclude>
    <ClInclude Include="OldLeds.h">
      <Filter>Peripherals</Filter>
    </ClInclude>
    <ClInclude Include="Poti.h">
      <Filter>Peripherals</Filter>
    </ClInclude>
    <ClInclude Include="Button.h">
      <Filter>Peripherals</Filter>
    </ClInclude>
    <ClInclude Include="Color.h">
      <Filter>Utility</Filter>
    </ClInclude>
    <ClInclude Include="CSingletonTemplate.h">
      <Filter>Utility</Filter>
    </ClInclude>
    <ClInclude Include="Configuration.h">
      <Filter>Configuration</Filter>
    </ClInclude>
    <ClInclude Include="Definitions.h" />
  </ItemGroup>
  <ItemGroup>
    <ClCompile Include="Game.cpp" />
    <ClCompile Include="Arm.cpp">
      <Filter>Arm</Filter>
    </ClCompile>
    <ClCompile Include="ArmLeds.cpp">
      <Filter>Arm</Filter>
    </ClCompile>
    <ClCompile Include="Boost.cpp">
      <Filter>Boost</Filter>
    </ClCompile>
    <ClCompile Include="DrinkItem.cpp">
      <Filter>Drinks</Filter>
    </ClCompile>
    <ClCompile Include="LLMenu.cpp">
      <Filter>Menu</Filter>
    </ClCompile>
    <ClCompile Include="MyString.cpp">
      <Filter>Framework</Filter>
    </ClCompile>
    <ClCompile Include="Scheduler.cpp">
      <Filter>Framework</Filter>
    </ClCompile>
    <ClCompile Include="Thread.cpp">
      <Filter>Framework</Filter>
    </ClCompile>
    <ClCompile Include="Timer.cpp">
      <Filter>Framework</Filter>
    </ClCompile>
    <ClCompile Include="Modes.cpp">
      <Filter>Modes</Filter>
    </ClCompile>
    <ClCompile Include="ProgressBar.cpp">
      <Filter>Boost\ProgressBar</Filter>
    </ClCompile>
    <ClCompile Include="BoostMode.cpp">
      <Filter>Boost\Modes</Filter>
    </ClCompile>
    <ClCompile Include="Menu.cpp">
      <Filter>Menu\Base</Filter>
    </ClCompile>
    <ClCompile Include="MenuItem.cpp">
      <Filter>Menu\Base</Filter>
    </ClCompile>
    <ClCompile Include="RootMenu.cpp">
      <Filter>Menu\Base</Filter>
    </ClCompile>
    <ClCompile Include="Displays.cpp">
      <Filter>Peripherals\Display</Filter>
    </ClCompile>
    <ClCompile Include="Display.cpp">
      <Filter>Peripherals\Display</Filter>
    </ClCompile>
    <ClCompile Include="LCD.cpp">
      <Filter>Peripherals\Display</Filter>
    </ClCompile>
    <ClCompile Include="Motor.cpp">
      <Filter>Peripherals</Filter>
    </ClCompile>
    <ClCompile Include="Poti.cpp">
      <Filter>Peripherals</Filter>
    </ClCompile>
    <ClCompile Include="Color.cpp">
      <Filter>Utility</Filter>
    </ClCompile>
    <ClCompile Include="Configuration.cpp">
      <Filter>Configuration</Filter>
    </ClCompile>
  </ItemGroup>
  <ItemGroup>
    <None Include="Looping_Louie_2.ino" />
  </ItemGroup>
</Project>